
Microsoft Visual Studio Solution File, Format Version 12.00
# Visual Studio Version 16
VisualStudioVersion = 16.0.31129.286
MinimumVisualStudioVersion = 10.0.40219.1
Project("{9A19103F-16F7-4668-BE54-9A1E7A4F7556}") = "FunctionApp1", "FunctionApp1\FunctionApp1.csproj", "{385A80F2-6F4C-4891-9DFE-6E2E9712BABC}"
EndProject
Project("{151D2E53-A2C4-4D7D-83FE-D05416EBD58E}") = "Deploy", "Deploy\Deploy.deployproj", "{0FE9CAC5-7EEE-4A93-8A5C-C0DD74D5B9EF}"
EndProject
Global
	GlobalSection(SolutionConfigurationPlatforms) = preSolution
		Debug|Any CPU = Debug|Any CPU
		Release|Any CPU = Release|Any CPU
		Test|Any CPU = Test|Any CPU
	EndGlobalSection
	GlobalSection(ProjectConfigurationPlatforms) = postSolution
		{385A80F2-6F4C-4891-9DFE-6E2E9712BABC}.Debug|Any CPU.ActiveCfg = Debug|Any CPU
		{385A80F2-6F4C-4891-9DFE-6E2E9712BABC}.Debug|Any CPU.Build.0 = Debug|Any CPU
		{385A80F2-6F4C-4891-9DFE-6E2E9712BABC}.Release|Any CPU.ActiveCfg = Release|Any CPU
		{385A80F2-6F4C-4891-9DFE-6E2E9712BABC}.Release|Any CPU.Build.0 = Release|Any CPU
		{385A80F2-6F4C-4891-9DFE-6E2E9712BABC}.Test|Any CPU.ActiveCfg = Test|Any CPU
		{385A80F2-6F4C-4891-9DFE-6E2E9712BABC}.Test|Any CPU.Build.0 = Test|Any CPU
		{0FE9CAC5-7EEE-4A93-8A5C-C0DD74D5B9EF}.Debug|Any CPU.ActiveCfg = Debug|Any CPU
		{0FE9CAC5-7EEE-4A93-8A5C-C0DD74D5B9EF}.Debug|Any CPU.Build.0 = Debug|Any CPU
		{0FE9CAC5-7EEE-4A93-8A5C-C0DD74D5B9EF}.Release|Any CPU.ActiveCfg = Release|Any CPU
		{0FE9CAC5-7EEE-4A93-8A5C-C0DD74D5B9EF}.Release|Any CPU.Build.0 = Release|Any CPU
		{0FE9CAC5-7EEE-4A93-8A5C-C0DD74D5B9EF}.Test|Any CPU.ActiveCfg = Release|Any CPU
		{0FE9CAC5-7EEE-4A93-8A5C-C0DD74D5B9EF}.Test|Any CPU.Build.0 = Release|Any CPU
	EndGlobalSection
	GlobalSection(SolutionProperties) = preSolution
		HideSolutionNode = FALSE
	EndGlobalSection
	GlobalSection(ExtensibilityGlobals) = postSolution
		SolutionGuid = {454EAB3C-BDB0-48CF-8C24-D0D2D6918DCD}
	EndGlobalSection
EndGlobal
